# THIS IS AN AUTOGENERATED FILE. DO NOT EDIT THIS FILE DIRECTLY.
# yarn lockfile v1


meow@12.1.1:
  version "12.1.1"
  resolved "https://registry.yarnpkg.com/meow/-/meow-12.1.1.tgz#e558dddbab12477b69b2e9a2728c327f191bace6"
  integrity sha512-BhXM0Au22RwUneMPwSCnyhTOizdWoIEPU9sp0Aqa1PnDMR5Wv2FGXYDjuzJEIX+Eo2Rb8xuYe5jrnm5QowQFkw==
